
Microsoft Visual Studio Solution File, Format Version 12.00
# Visual Studio Version 17
VisualStudioVersion = 17.3.32825.248
MinimumVisualStudioVersion = 10.0.40219.1
Project("{2150E333-8FDC-42A3-9474-1A3956D46DE8}") = "1_Creational", "1_Creational", "{9E8E16C6-8838-4608-9FA7-A406F12AFE9E}"
EndProject
Project("{9A19103F-16F7-4668-BE54-9A1E7A4F7556}") = "1_FactoryMethod", "1_FactoryMethod\1_FactoryMethod.csproj", "{2250C1CB-BA5D-40B8-8AAC-57F6787A1F77}"
EndProject
Project("{9A19103F-16F7-4668-BE54-9A1E7A4F7556}") = "2_AbstractFactory", "2_AbstractFactory\2_AbstractFactory.csproj", "{3EE3959E-BD8C-4B1E-AD85-C49D2A7C99F4}"
EndProject
Project("{9A19103F-16F7-4668-BE54-9A1E7A4F7556}") = "3_Singleton", "3_Singleton\3_Singleton.csproj", "{A7430E03-2685-4EFE-B878-84F168AA7A32}"
EndProject
Project("{9A19103F-16F7-4668-BE54-9A1E7A4F7556}") = "4_Prototype", "4_Prototype\4_Prototype.csproj", "{8F220432-5661-447B-BF2F-2203C8FF772D}"
EndProject
Project("{9A19103F-16F7-4668-BE54-9A1E7A4F7556}") = "5_Builder", "5_Builder\5_Builder.csproj", "{2527A202-6040-4C53-9096-E51722BE87F4}"
EndProject
Project("{2150E333-8FDC-42A3-9474-1A3956D46DE8}") = "2_Behavioral", "2_Behavioral", "{DC655F9C-022E-4ED1-9024-1F71DD28C078}"
EndProject
Project("{9A19103F-16F7-4668-BE54-9A1E7A4F7556}") = "6_Strategy", "6_Strategy\6_Strategy.csproj", "{4B572B66-8AFC-4F21-9024-40224C153300}"
EndProject
Project("{9A19103F-16F7-4668-BE54-9A1E7A4F7556}") = "7_Observer", "7_Observer\7_Observer.csproj", "{5736A6E2-F92E-445A-BFED-302A52C1A8D7}"
EndProject
Project("{9A19103F-16F7-4668-BE54-9A1E7A4F7556}") = "8_Command", "8_Command\8_Command.csproj", "{CFEFFECC-76A6-45E3-8F4B-F6E124FAC4AF}"
EndProject
Project("{9A19103F-16F7-4668-BE54-9A1E7A4F7556}") = "9_TemplateMethod", "9_Template_Method\9_TemplateMethod.csproj", "{54B556B7-E59F-487E-BC04-1627B8162CA6}"
EndProject
Project("{FAE04EC0-301F-11D3-BF4B-00C04F79EFBC}") = "10_Iterator", "10_Iterator\10_Iterator.csproj", "{E6C45176-0F4A-443F-A737-828D2A4A5CA5}"
EndProject
Project("{FAE04EC0-301F-11D3-BF4B-00C04F79EFBC}") = "11_State", "11_State\11_State.csproj", "{948B8EEA-8177-4385-BBB4-4BFDBEA7E1E1}"
EndProject
Project("{FAE04EC0-301F-11D3-BF4B-00C04F79EFBC}") = "12_ChainOfResponsibility", "12_ChainOfResponsibility\12_ChainOfResponsibility.csproj", "{67286EFE-D73B-430E-947B-7D6BC42E3F2D}"
EndProject
Project("{FAE04EC0-301F-11D3-BF4B-00C04F79EFBC}") = "13_Interpreter", "13_Interpreter\13_Interpreter.csproj", "{3E97F4FF-CA80-4F7E-B6FA-6166E8030C43}"
EndProject
Project("{FAE04EC0-301F-11D3-BF4B-00C04F79EFBC}") = "14_Mediator", "14_Mediator\14_Mediator.csproj", "{E2ECF0F0-17F3-4838-BFE4-56F165991370}"
EndProject
Project("{FAE04EC0-301F-11D3-BF4B-00C04F79EFBC}") = "15_Memento", "15_Memento\15_Memento.csproj", "{8E313F02-0667-443E-9AA1-7414A2727FF7}"
EndProject
Project("{FAE04EC0-301F-11D3-BF4B-00C04F79EFBC}") = "16_Visitor", "16_Visitor\16_Visitor.csproj", "{BF49B4B9-150D-4374-9319-47D55B076AB2}"
EndProject
Project("{2150E333-8FDC-42A3-9474-1A3956D46DE8}") = "3_Structural", "3_Structural", "{33EA1773-1C60-4906-A0E9-217B3C833D75}"
EndProject
Project("{FAE04EC0-301F-11D3-BF4B-00C04F79EFBC}") = "17_Decorator", "17_Decorator\17_Decorator.csproj", "{CB216149-814A-471F-80E9-6EFB8E85D51C}"
EndProject
Project("{FAE04EC0-301F-11D3-BF4B-00C04F79EFBC}") = "18_Adapter", "18_Adapter\18_Adapter.csproj", "{12A80AB4-2514-47E9-8A76-FC8811BF38D3}"
EndProject
Project("{FAE04EC0-301F-11D3-BF4B-00C04F79EFBC}") = "19_Facade", "19_Facade\19_Facade.csproj", "{9EDEF418-0D4A-47CE-A385-71780FC83AE8}"
EndProject
Project("{FAE04EC0-301F-11D3-BF4B-00C04F79EFBC}") = "20_Composite", "20_Composite\20_Composite.csproj", "{2E2EB494-2A08-4C70-816A-89FD3129C722}"
EndProject
Global
	GlobalSection(SolutionConfigurationPlatforms) = preSolution
		Debug|Any CPU = Debug|Any CPU
		Debug|x86 = Debug|x86
		Release|Any CPU = Release|Any CPU
		Release|x86 = Release|x86
	EndGlobalSection
	GlobalSection(ProjectConfigurationPlatforms) = postSolution
		{2250C1CB-BA5D-40B8-8AAC-57F6787A1F77}.Debug|Any CPU.ActiveCfg = Debug|Any CPU
		{2250C1CB-BA5D-40B8-8AAC-57F6787A1F77}.Debug|Any CPU.Build.0 = Debug|Any CPU
		{2250C1CB-BA5D-40B8-8AAC-57F6787A1F77}.Debug|x86.ActiveCfg = Debug|Any CPU
		{2250C1CB-BA5D-40B8-8AAC-57F6787A1F77}.Debug|x86.Build.0 = Debug|Any CPU
		{2250C1CB-BA5D-40B8-8AAC-57F6787A1F77}.Release|Any CPU.ActiveCfg = Release|Any CPU
		{2250C1CB-BA5D-40B8-8AAC-57F6787A1F77}.Release|Any CPU.Build.0 = Release|Any CPU
		{2250C1CB-BA5D-40B8-8AAC-57F6787A1F77}.Release|x86.ActiveCfg = Release|Any CPU
		{2250C1CB-BA5D-40B8-8AAC-57F6787A1F77}.Release|x86.Build.0 = Release|Any CPU
		{3EE3959E-BD8C-4B1E-AD85-C49D2A7C99F4}.Debug|Any CPU.ActiveCfg = Debug|Any CPU
		{3EE3959E-BD8C-4B1E-AD85-C49D2A7C99F4}.Debug|Any CPU.Build.0 = Debug|Any CPU
		{3EE3959E-BD8C-4B1E-AD85-C49D2A7C99F4}.Debug|x86.ActiveCfg = Debug|Any CPU
		{3EE3959E-BD8C-4B1E-AD85-C49D2A7C99F4}.Debug|x86.Build.0 = Debug|Any CPU
		{3EE3959E-BD8C-4B1E-AD85-C49D2A7C99F4}.Release|Any CPU.ActiveCfg = Release|Any CPU
		{3EE3959E-BD8C-4B1E-AD85-C49D2A7C99F4}.Release|Any CPU.Build.0 = Release|Any CPU
		{3EE3959E-BD8C-4B1E-AD85-C49D2A7C99F4}.Release|x86.ActiveCfg = Release|Any CPU
		{3EE3959E-BD8C-4B1E-AD85-C49D2A7C99F4}.Release|x86.Build.0 = Release|Any CPU
		{A7430E03-2685-4EFE-B878-84F168AA7A32}.Debug|Any CPU.ActiveCfg = Debug|Any CPU
		{A7430E03-2685-4EFE-B878-84F168AA7A32}.Debug|Any CPU.Build.0 = Debug|Any CPU
		{A7430E03-2685-4EFE-B878-84F168AA7A32}.Debug|x86.ActiveCfg = Debug|Any CPU
		{A7430E03-2685-4EFE-B878-84F168AA7A32}.Debug|x86.Build.0 = Debug|Any CPU
		{A7430E03-2685-4EFE-B878-84F168AA7A32}.Release|Any CPU.ActiveCfg = Release|Any CPU
		{A7430E03-2685-4EFE-B878-84F168AA7A32}.Release|Any CPU.Build.0 = Release|Any CPU
		{A7430E03-2685-4EFE-B878-84F168AA7A32}.Release|x86.ActiveCfg = Release|Any CPU
		{A7430E03-2685-4EFE-B878-84F168AA7A32}.Release|x86.Build.0 = Release|Any CPU
		{8F220432-5661-447B-BF2F-2203C8FF772D}.Debug|Any CPU.ActiveCfg = Debug|Any CPU
		{8F220432-5661-447B-BF2F-2203C8FF772D}.Debug|Any CPU.Build.0 = Debug|Any CPU
		{8F220432-5661-447B-BF2F-2203C8FF772D}.Debug|x86.ActiveCfg = Debug|Any CPU
		{8F220432-5661-447B-BF2F-2203C8FF772D}.Debug|x86.Build.0 = Debug|Any CPU
		{8F220432-5661-447B-BF2F-2203C8FF772D}.Release|Any CPU.ActiveCfg = Release|Any CPU
		{8F220432-5661-447B-BF2F-2203C8FF772D}.Release|Any CPU.Build.0 = Release|Any CPU
		{8F220432-5661-447B-BF2F-2203C8FF772D}.Release|x86.ActiveCfg = Release|Any CPU
		{8F220432-5661-447B-BF2F-2203C8FF772D}.Release|x86.Build.0 = Release|Any CPU
		{2527A202-6040-4C53-9096-E51722BE87F4}.Debug|Any CPU.ActiveCfg = Debug|Any CPU
		{2527A202-6040-4C53-9096-E51722BE87F4}.Debug|Any CPU.Build.0 = Debug|Any CPU
		{2527A202-6040-4C53-9096-E51722BE87F4}.Debug|x86.ActiveCfg = Debug|Any CPU
		{2527A202-6040-4C53-9096-E51722BE87F4}.Debug|x86.Build.0 = Debug|Any CPU
		{2527A202-6040-4C53-9096-E51722BE87F4}.Release|Any CPU.ActiveCfg = Release|Any CPU
		{2527A202-6040-4C53-9096-E51722BE87F4}.Release|Any CPU.Build.0 = Release|Any CPU
		{2527A202-6040-4C53-9096-E51722BE87F4}.Release|x86.ActiveCfg = Release|Any CPU
		{2527A202-6040-4C53-9096-E51722BE87F4}.Release|x86.Build.0 = Release|Any CPU
		{4B572B66-8AFC-4F21-9024-40224C153300}.Debug|Any CPU.ActiveCfg = Debug|Any CPU
		{4B572B66-8AFC-4F21-9024-40224C153300}.Debug|Any CPU.Build.0 = Debug|Any CPU
		{4B572B66-8AFC-4F21-9024-40224C153300}.Debug|x86.ActiveCfg = Debug|Any CPU
		{4B572B66-8AFC-4F21-9024-40224C153300}.Debug|x86.Build.0 = Debug|Any CPU
		{4B572B66-8AFC-4F21-9024-40224C153300}.Release|Any CPU.ActiveCfg = Release|Any CPU
		{4B572B66-8AFC-4F21-9024-40224C153300}.Release|Any CPU.Build.0 = Release|Any CPU
		{4B572B66-8AFC-4F21-9024-40224C153300}.Release|x86.ActiveCfg = Release|Any CPU
		{4B572B66-8AFC-4F21-9024-40224C153300}.Release|x86.Build.0 = Release|Any CPU
		{5736A6E2-F92E-445A-BFED-302A52C1A8D7}.Debug|Any CPU.ActiveCfg = Debug|Any CPU
		{5736A6E2-F92E-445A-BFED-302A52C1A8D7}.Debug|Any CPU.Build.0 = Debug|Any CPU
		{5736A6E2-F92E-445A-BFED-302A52C1A8D7}.Debug|x86.ActiveCfg = Debug|Any CPU
		{5736A6E2-F92E-445A-BFED-302A52C1A8D7}.Debug|x86.Build.0 = Debug|Any CPU
		{5736A6E2-F92E-445A-BFED-302A52C1A8D7}.Release|Any CPU.ActiveCfg = Release|Any CPU
		{5736A6E2-F92E-445A-BFED-302A52C1A8D7}.Release|Any CPU.Build.0 = Release|Any CPU
		{5736A6E2-F92E-445A-BFED-302A52C1A8D7}.Release|x86.ActiveCfg = Release|Any CPU
		{5736A6E2-F92E-445A-BFED-302A52C1A8D7}.Release|x86.Build.0 = Release|Any CPU
		{CFEFFECC-76A6-45E3-8F4B-F6E124FAC4AF}.Debug|Any CPU.ActiveCfg = Debug|Any CPU
		{CFEFFECC-76A6-45E3-8F4B-F6E124FAC4AF}.Debug|Any CPU.Build.0 = Debug|Any CPU
		{CFEFFECC-76A6-45E3-8F4B-F6E124FAC4AF}.Debug|x86.ActiveCfg = Debug|Any CPU
		{CFEFFECC-76A6-45E3-8F4B-F6E124FAC4AF}.Debug|x86.Build.0 = Debug|Any CPU
		{CFEFFECC-76A6-45E3-8F4B-F6E124FAC4AF}.Release|Any CPU.ActiveCfg = Release|Any CPU
		{CFEFFECC-76A6-45E3-8F4B-F6E124FAC4AF}.Release|Any CPU.Build.0 = Release|Any CPU
		{CFEFFECC-76A6-45E3-8F4B-F6E124FAC4AF}.Release|x86.ActiveCfg = Release|Any CPU
		{CFEFFECC-76A6-45E3-8F4B-F6E124FAC4AF}.Release|x86.Build.0 = Release|Any CPU
		{54B556B7-E59F-487E-BC04-1627B8162CA6}.Debug|Any CPU.ActiveCfg = Debug|Any CPU
		{54B556B7-E59F-487E-BC04-1627B8162CA6}.Debug|Any CPU.Build.0 = Debug|Any CPU
		{54B556B7-E59F-487E-BC04-1627B8162CA6}.Debug|x86.ActiveCfg = Debug|Any CPU
		{54B556B7-E59F-487E-BC04-1627B8162CA6}.Debug|x86.Build.0 = Debug|Any CPU
		{54B556B7-E59F-487E-BC04-1627B8162CA6}.Release|Any CPU.ActiveCfg = Release|Any CPU
		{54B556B7-E59F-487E-BC04-1627B8162CA6}.Release|Any CPU.Build.0 = Release|Any CPU
		{54B556B7-E59F-487E-BC04-1627B8162CA6}.Release|x86.ActiveCfg = Release|Any CPU
		{54B556B7-E59F-487E-BC04-1627B8162CA6}.Release|x86.Build.0 = Release|Any CPU
		{E6C45176-0F4A-443F-A737-828D2A4A5CA5}.Debug|Any CPU.ActiveCfg = Debug|Any CPU
		{E6C45176-0F4A-443F-A737-828D2A4A5CA5}.Debug|Any CPU.Build.0 = Debug|Any CPU
		{E6C45176-0F4A-443F-A737-828D2A4A5CA5}.Debug|x86.ActiveCfg = Debug|Any CPU
		{E6C45176-0F4A-443F-A737-828D2A4A5CA5}.Debug|x86.Build.0 = Debug|Any CPU
		{E6C45176-0F4A-443F-A737-828D2A4A5CA5}.Release|Any CPU.ActiveCfg = Release|Any CPU
		{E6C45176-0F4A-443F-A737-828D2A4A5CA5}.Release|Any CPU.Build.0 = Release|Any CPU
		{E6C45176-0F4A-443F-A737-828D2A4A5CA5}.Release|x86.ActiveCfg = Release|Any CPU
		{E6C45176-0F4A-443F-A737-828D2A4A5CA5}.Release|x86.Build.0 = Release|Any CPU
		{948B8EEA-8177-4385-BBB4-4BFDBEA7E1E1}.Debug|Any CPU.ActiveCfg = Debug|Any CPU
		{948B8EEA-8177-4385-BBB4-4BFDBEA7E1E1}.Debug|Any CPU.Build.0 = Debug|Any CPU
		{948B8EEA-8177-4385-BBB4-4BFDBEA7E1E1}.Debug|x86.ActiveCfg = Debug|Any CPU
		{948B8EEA-8177-4385-BBB4-4BFDBEA7E1E1}.Debug|x86.Build.0 = Debug|Any CPU
		{948B8EEA-8177-4385-BBB4-4BFDBEA7E1E1}.Release|Any CPU.ActiveCfg = Release|Any CPU
		{948B8EEA-8177-4385-BBB4-4BFDBEA7E1E1}.Release|Any CPU.Build.0 = Release|Any CPU
		{948B8EEA-8177-4385-BBB4-4BFDBEA7E1E1}.Release|x86.ActiveCfg = Release|Any CPU
		{948B8EEA-8177-4385-BBB4-4BFDBEA7E1E1}.Release|x86.Build.0 = Release|Any CPU
		{67286EFE-D73B-430E-947B-7D6BC42E3F2D}.Debug|Any CPU.ActiveCfg = Debug|Any CPU
		{67286EFE-D73B-430E-947B-7D6BC42E3F2D}.Debug|Any CPU.Build.0 = Debug|Any CPU
		{67286EFE-D73B-430E-947B-7D6BC42E3F2D}.Debug|x86.ActiveCfg = Debug|Any CPU
		{67286EFE-D73B-430E-947B-7D6BC42E3F2D}.Debug|x86.Build.0 = Debug|Any CPU
		{67286EFE-D73B-430E-947B-7D6BC42E3F2D}.Release|Any CPU.ActiveCfg = Release|Any CPU
		{67286EFE-D73B-430E-947B-7D6BC42E3F2D}.Release|Any CPU.Build.0 = Release|Any CPU
		{67286EFE-D73B-430E-947B-7D6BC42E3F2D}.Release|x86.ActiveCfg = Release|Any CPU
		{67286EFE-D73B-430E-947B-7D6BC42E3F2D}.Release|x86.Build.0 = Release|Any CPU
		{3E97F4FF-CA80-4F7E-B6FA-6166E8030C43}.Debug|Any CPU.ActiveCfg = Debug|Any CPU
		{3E97F4FF-CA80-4F7E-B6FA-6166E8030C43}.Debug|Any CPU.Build.0 = Debug|Any CPU
		{3E97F4FF-CA80-4F7E-B6FA-6166E8030C43}.Debug|x86.ActiveCfg = Debug|Any CPU
		{3E97F4FF-CA80-4F7E-B6FA-6166E8030C43}.Debug|x86.Build.0 = Debug|Any CPU
		{3E97F4FF-CA80-4F7E-B6FA-6166E8030C43}.Release|Any CPU.ActiveCfg = Release|Any CPU
		{3E97F4FF-CA80-4F7E-B6FA-6166E8030C43}.Release|Any CPU.Build.0 = Release|Any CPU
		{3E97F4FF-CA80-4F7E-B6FA-6166E8030C43}.Release|x86.ActiveCfg = Release|Any CPU
		{3E97F4FF-CA80-4F7E-B6FA-6166E8030C43}.Release|x86.Build.0 = Release|Any CPU
		{E2ECF0F0-17F3-4838-BFE4-56F165991370}.Debug|Any CPU.ActiveCfg = Debug|Any CPU
		{E2ECF0F0-17F3-4838-BFE4-56F165991370}.Debug|Any CPU.Build.0 = Debug|Any CPU
		{E2ECF0F0-17F3-4838-BFE4-56F165991370}.Debug|x86.ActiveCfg = Debug|Any CPU
		{E2ECF0F0-17F3-4838-BFE4-56F165991370}.Debug|x86.Build.0 = Debug|Any CPU
		{E2ECF0F0-17F3-4838-BFE4-56F165991370}.Release|Any CPU.ActiveCfg = Release|Any CPU
		{E2ECF0F0-17F3-4838-BFE4-56F165991370}.Release|Any CPU.Build.0 = Release|Any CPU
		{E2ECF0F0-17F3-4838-BFE4-56F165991370}.Release|x86.ActiveCfg = Release|Any CPU
		{E2ECF0F0-17F3-4838-BFE4-56F165991370}.Release|x86.Build.0 = Release|Any CPU
		{8E313F02-0667-443E-9AA1-7414A2727FF7}.Debug|Any CPU.ActiveCfg = Debug|Any CPU
		{8E313F02-0667-443E-9AA1-7414A2727FF7}.Debug|Any CPU.Build.0 = Debug|Any CPU
		{8E313F02-0667-443E-9AA1-7414A2727FF7}.Debug|x86.ActiveCfg = Debug|Any CPU
		{8E313F02-0667-443E-9AA1-7414A2727FF7}.Debug|x86.Build.0 = Debug|Any CPU
		{8E313F02-0667-443E-9AA1-7414A2727FF7}.Release|Any CPU.ActiveCfg = Release|Any CPU
		{8E313F02-0667-443E-9AA1-7414A2727FF7}.Release|Any CPU.Build.0 = Release|Any CPU
		{8E313F02-0667-443E-9AA1-7414A2727FF7}.Release|x86.ActiveCfg = Release|Any CPU
		{8E313F02-0667-443E-9AA1-7414A2727FF7}.Release|x86.Build.0 = Release|Any CPU
		{BF49B4B9-150D-4374-9319-47D55B076AB2}.Debug|Any CPU.ActiveCfg = Debug|Any CPU
		{BF49B4B9-150D-4374-9319-47D55B076AB2}.Debug|Any CPU.Build.0 = Debug|Any CPU
		{BF49B4B9-150D-4374-9319-47D55B076AB2}.Debug|x86.ActiveCfg = Debug|Any CPU
		{BF49B4B9-150D-4374-9319-47D55B076AB2}.Debug|x86.Build.0 = Debug|Any CPU
		{BF49B4B9-150D-4374-9319-47D55B076AB2}.Release|Any CPU.ActiveCfg = Release|Any CPU
		{BF49B4B9-150D-4374-9319-47D55B076AB2}.Release|Any CPU.Build.0 = Release|Any CPU
		{BF49B4B9-150D-4374-9319-47D55B076AB2}.Release|x86.ActiveCfg = Release|Any CPU
		{BF49B4B9-150D-4374-9319-47D55B076AB2}.Release|x86.Build.0 = Release|Any CPU
		{CB216149-814A-471F-80E9-6EFB8E85D51C}.Debug|Any CPU.ActiveCfg = Debug|Any CPU
		{CB216149-814A-471F-80E9-6EFB8E85D51C}.Debug|Any CPU.Build.0 = Debug|Any CPU
		{CB216149-814A-471F-80E9-6EFB8E85D51C}.Debug|x86.ActiveCfg = Debug|Any CPU
		{CB216149-814A-471F-80E9-6EFB8E85D51C}.Debug|x86.Build.0 = Debug|Any CPU
		{CB216149-814A-471F-80E9-6EFB8E85D51C}.Release|Any CPU.ActiveCfg = Release|Any CPU
		{CB216149-814A-471F-80E9-6EFB8E85D51C}.Release|Any CPU.Build.0 = Release|Any CPU
		{CB216149-814A-471F-80E9-6EFB8E85D51C}.Release|x86.ActiveCfg = Release|Any CPU
		{CB216149-814A-471F-80E9-6EFB8E85D51C}.Release|x86.Build.0 = Release|Any CPU
		{12A80AB4-2514-47E9-8A76-FC8811BF38D3}.Debug|Any CPU.ActiveCfg = Debug|Any CPU
		{12A80AB4-2514-47E9-8A76-FC8811BF38D3}.Debug|Any CPU.Build.0 = Debug|Any CPU
		{12A80AB4-2514-47E9-8A76-FC8811BF38D3}.Debug|x86.ActiveCfg = Debug|Any CPU
		{12A80AB4-2514-47E9-8A76-FC8811BF38D3}.Debug|x86.Build.0 = Debug|Any CPU
		{12A80AB4-2514-47E9-8A76-FC8811BF38D3}.Release|Any CPU.ActiveCfg = Release|Any CPU
		{12A80AB4-2514-47E9-8A76-FC8811BF38D3}.Release|Any CPU.Build.0 = Release|Any CPU
		{12A80AB4-2514-47E9-8A76-FC8811BF38D3}.Release|x86.ActiveCfg = Release|Any CPU
		{12A80AB4-2514-47E9-8A76-FC8811BF38D3}.Release|x86.Build.0 = Release|Any CPU
		{9EDEF418-0D4A-47CE-A385-71780FC83AE8}.Debug|Any CPU.ActiveCfg = Debug|Any CPU
		{9EDEF418-0D4A-47CE-A385-71780FC83AE8}.Debug|Any CPU.Build.0 = Debug|Any CPU
		{9EDEF418-0D4A-47CE-A385-71780FC83AE8}.Debug|x86.ActiveCfg = Debug|Any CPU
		{9EDEF418-0D4A-47CE-A385-71780FC83AE8}.Debug|x86.Build.0 = Debug|Any CPU
		{9EDEF418-0D4A-47CE-A385-71780FC83AE8}.Release|Any CPU.ActiveCfg = Release|Any CPU
		{9EDEF418-0D4A-47CE-A385-71780FC83AE8}.Release|Any CPU.Build.0 = Release|Any CPU
		{9EDEF418-0D4A-47CE-A385-71780FC83AE8}.Release|x86.ActiveCfg = Release|Any CPU
		{9EDEF418-0D4A-47CE-A385-71780FC83AE8}.Release|x86.Build.0 = Release|Any CPU
		{2E2EB494-2A08-4C70-816A-89FD3129C722}.Debug|Any CPU.ActiveCfg = Debug|Any CPU
		{2E2EB494-2A08-4C70-816A-89FD3129C722}.Debug|Any CPU.Build.0 = Debug|Any CPU
		{2E2EB494-2A08-4C70-816A-89FD3129C722}.Debug|x86.ActiveCfg = Debug|Any CPU
		{2E2EB494-2A08-4C70-816A-89FD3129C722}.Debug|x86.Build.0 = Debug|Any CPU
		{2E2EB494-2A08-4C70-816A-89FD3129C722}.Release|Any CPU.ActiveCfg = Release|Any CPU
		{2E2EB494-2A08-4C70-816A-89FD3129C722}.Release|Any CPU.Build.0 = Release|Any CPU
		{2E2EB494-2A08-4C70-816A-89FD3129C722}.Release|x86.ActiveCfg = Release|Any CPU
		{2E2EB494-2A08-4C70-816A-89FD3129C722}.Release|x86.Build.0 = Release|Any CPU
	EndGlobalSection
	GlobalSection(SolutionProperties) = preSolution
		HideSolutionNode = FALSE
	EndGlobalSection
	GlobalSection(NestedProjects) = preSolution
		{2250C1CB-BA5D-40B8-8AAC-57F6787A1F77} = {9E8E16C6-8838-4608-9FA7-A406F12AFE9E}
		{3EE3959E-BD8C-4B1E-AD85-C49D2A7C99F4} = {9E8E16C6-8838-4608-9FA7-A406F12AFE9E}
		{A7430E03-2685-4EFE-B878-84F168AA7A32} = {9E8E16C6-8838-4608-9FA7-A406F12AFE9E}
		{8F220432-5661-447B-BF2F-2203C8FF772D} = {9E8E16C6-8838-4608-9FA7-A406F12AFE9E}
		{2527A202-6040-4C53-9096-E51722BE87F4} = {9E8E16C6-8838-4608-9FA7-A406F12AFE9E}
		{4B572B66-8AFC-4F21-9024-40224C153300} = {DC655F9C-022E-4ED1-9024-1F71DD28C078}
		{5736A6E2-F92E-445A-BFED-302A52C1A8D7} = {DC655F9C-022E-4ED1-9024-1F71DD28C078}
		{CFEFFECC-76A6-45E3-8F4B-F6E124FAC4AF} = {DC655F9C-022E-4ED1-9024-1F71DD28C078}
		{54B556B7-E59F-487E-BC04-1627B8162CA6} = {DC655F9C-022E-4ED1-9024-1F71DD28C078}
		{E6C45176-0F4A-443F-A737-828D2A4A5CA5} = {DC655F9C-022E-4ED1-9024-1F71DD28C078}
		{948B8EEA-8177-4385-BBB4-4BFDBEA7E1E1} = {DC655F9C-022E-4ED1-9024-1F71DD28C078}
		{67286EFE-D73B-430E-947B-7D6BC42E3F2D} = {DC655F9C-022E-4ED1-9024-1F71DD28C078}
		{3E97F4FF-CA80-4F7E-B6FA-6166E8030C43} = {DC655F9C-022E-4ED1-9024-1F71DD28C078}
		{E2ECF0F0-17F3-4838-BFE4-56F165991370} = {DC655F9C-022E-4ED1-9024-1F71DD28C078}
		{8E313F02-0667-443E-9AA1-7414A2727FF7} = {DC655F9C-022E-4ED1-9024-1F71DD28C078}
		{BF49B4B9-150D-4374-9319-47D55B076AB2} = {DC655F9C-022E-4ED1-9024-1F71DD28C078}
		{CB216149-814A-471F-80E9-6EFB8E85D51C} = {33EA1773-1C60-4906-A0E9-217B3C833D75}
		{12A80AB4-2514-47E9-8A76-FC8811BF38D3} = {33EA1773-1C60-4906-A0E9-217B3C833D75}
		{9EDEF418-0D4A-47CE-A385-71780FC83AE8} = {33EA1773-1C60-4906-A0E9-217B3C833D75}
		{2E2EB494-2A08-4C70-816A-89FD3129C722} = {33EA1773-1C60-4906-A0E9-217B3C833D75}
	EndGlobalSection
	GlobalSection(ExtensibilityGlobals) = postSolution
		SolutionGuid = {80B8C7DD-74A9-415B-9384-A666217C9993}
	EndGlobalSection
EndGlobal
